
Microsoft Visual Studio Solution File, Format Version 12.00
# Visual Studio Version 17
VisualStudioVersion = 17.10.35013.160
MinimumVisualStudioVersion = 10.0.40219.1
Project("{FAE04EC0-301F-11D3-BF4B-00C04F79EFBC}") = "TheWitcher", "TheWitcher\TheWitcher.csproj", "{0F03B7B6-FA67-42AA-A141-297DFEC611AD}"
EndProject
Global
	GlobalSection(SolutionConfigurationPlatforms) = preSolution
		Debug|Any CPU = Debug|Any CPU
		Release|Any CPU = Release|Any CPU
	EndGlobalSection
	GlobalSection(ProjectConfigurationPlatforms) = postSolution
		{0F03B7B6-FA67-42AA-A141-297DFEC611AD}.Debug|Any CPU.ActiveCfg = Debug|Any CPU
		{0F03B7B6-FA67-42AA-A141-297DFEC611AD}.Debug|Any CPU.Build.0 = Debug|Any CPU
		{0F03B7B6-FA67-42AA-A141-297DFEC611AD}.Release|Any CPU.ActiveCfg = Release|Any CPU
		{0F03B7B6-FA67-42AA-A141-297DFEC611AD}.Release|Any CPU.Build.0 = Release|Any CPU
	EndGlobalSection
	GlobalSection(SolutionProperties) = preSolution
		HideSolutionNode = FALSE
	EndGlobalSection
	GlobalSection(ExtensibilityGlobals) = postSolution
		SolutionGuid = {53CE7E63-AA5B-4B66-B61A-77D93A68301C}
	EndGlobalSection
EndGlobal
